// !$*UTF8*$!
{
	archiveVersion = 1;
	classes = {
	};
	objectVersion = 50;
	objects = {

/* Begin PBXBuildFile section */
		26FEEEC721DF2820004F9D04 /* Testing_ios_framework.framework in Frameworks */ = {isa = PBXBuildFile; fileRef = 26FEEEBD21DF2820004F9D04 /* Testing_ios_framework.framework */; };
		26FEEECC21DF2820004F9D04 /* Testing_ios_frameworkTests.swift in Sources */ = {isa = PBXBuildFile; fileRef = 26FEEECB21DF2820004F9D04 /* Testing_ios_frameworkTests.swift */; };
		26FEEECE21DF2820004F9D04 /* Testing_ios_framework.h in Headers */ = {isa = PBXBuildFile; fileRef = 26FEEEC021DF2820004F9D04 /* Testing_ios_framework.h */; settings = {ATTRIBUTES = (Public, ); }; };
		26FEEEDA21DF28AC004F9D04 /* TestWebview.storyboard in Resources */ = {isa = PBXBuildFile; fileRef = 26FEEED921DF28AC004F9D04 /* TestWebview.storyboard */; };
		26FEEEDD21DF29A5004F9D04 /* index.html in Resources */ = {isa = PBXBuildFile; fileRef = 26FEEEDC21DF29A5004F9D04 /* index.html */; };
		26FEEEE321DF3D4A004F9D04 /* TestController.swift in Sources */ = {isa = PBXBuildFile; fileRef = 26FEEEE221DF3D4A004F9D04 /* TestController.swift */; };
/* End PBXBuildFile section */

/* Begin PBXContainerItemProxy section */
		26FEEEC821DF2820004F9D04 /* PBXContainerItemProxy */ = {
			isa = PBXContainerItemProxy;
			containerPortal = 26FEEEB421DF281F004F9D04 /* Project object */;
			proxyType = 1;
			remoteGlobalIDString = 26FEEEBC21DF2820004F9D04;
			remoteInfo = "Testing-ios-framework";
		};
/* End PBXContainerItemProxy section */

/* Begin PBXFileReference section */
		26FEEEBD21DF2820004F9D04 /* Testing_ios_framework.framework */ = {isa = PBXFileReference; explicitFileType = wrapper.framework; includeInIndex = 0; path = Testing_ios_framework.framework; sourceTree = BUILT_PRODUCTS_DIR; };
		26FEEEC021DF2820004F9D04 /* Testing_ios_framework.h */ = {isa = PBXFileReference; lastKnownFileType = sourcecode.c.h; path = Testing_ios_framework.h; sourceTree = "<group>"; };
		26FEEEC121DF2820004F9D04 /* Info.plist */ = {isa = PBXFileReference; lastKnownFileType = text.plist.xml; path = Info.plist; sourceTree = "<group>"; };
		26FEEEC621DF2820004F9D04 /* Testing-ios-frameworkTests.xctest */ = {isa = PBXFileReference; explicitFileType = wrapper.cfbundle; includeInIndex = 0; path = "Testing-ios-frameworkTests.xctest"; sourceTree = BUILT_PRODUCTS_DIR; };
		26FEEECB21DF2820004F9D04 /* Testing_ios_frameworkTests.swift */ = {isa = PBXFileReference; lastKnownFileType = sourcecode.swift; path = Testing_ios_frameworkTests.swift; sourceTree = "<group>"; };
		26FEEECD21DF2820004F9D04 /* Info.plist */ = {isa = PBXFileReference; lastKnownFileType = text.plist.xml; path = Info.plist; sourceTree = "<group>"; };
		26FEEED921DF28AC004F9D04 /* TestWebview.storyboard */ = {isa = PBXFileReference; lastKnownFileType = file.storyboard; path = TestWebview.storyboard; sourceTree = "<group>"; };
		26FEEEDC21DF29A5004F9D04 /* index.html */ = {isa = PBXFileReference; fileEncoding = 4; lastKnownFileType = text.html; name = index.html; path = ../../ColorPickerView/index.html; sourceTree = "<group>"; };
		26FEEEE221DF3D4A004F9D04 /* TestController.swift */ = {isa = PBXFileReference; lastKnownFileType = sourcecode.swift; path = TestController.swift; sourceTree = "<group>"; };
/* End PBXFileReference section */

/* Begin PBXFrameworksBuildPhase section */
		26FEEEBA21DF2820004F9D04 /* Frameworks */ = {
			isa = PBXFrameworksBuildPhase;
			buildActionMask = 2147483647;
			files = (
			);
			runOnlyForDeploymentPostprocessing = 0;
		};
		26FEEEC321DF2820004F9D04 /* Frameworks */ = {
			isa = PBXFrameworksBuildPhase;
			buildActionMask = 2147483647;
			files = (
				26FEEEC721DF2820004F9D04 /* Testing_ios_framework.framework in Frameworks */,
			);
			runOnlyForDeploymentPostprocessing = 0;
		};
/* End PBXFrameworksBuildPhase section */

/* Begin PBXGroup section */
		26FEEEB321DF281F004F9D04 = {
			isa = PBXGroup;
			children = (
				26FEEEBF21DF2820004F9D04 /* Testing-ios-framework */,
				26FEEECA21DF2820004F9D04 /* Testing-ios-frameworkTests */,
				26FEEEBE21DF2820004F9D04 /* Products */,
			);
			sourceTree = "<group>";
		};
		26FEEEBE21DF2820004F9D04 /* Products */ = {
			isa = PBXGroup;
			children = (
				26FEEEBD21DF2820004F9D04 /* Testing_ios_framework.framework */,
				26FEEEC621DF2820004F9D04 /* Testing-ios-frameworkTests.xctest */,
			);
			name = Products;
			sourceTree = "<group>";
		};
		26FEEEBF21DF2820004F9D04 /* Testing-ios-framework */ = {
			isa = PBXGroup;
			children = (
				26FEEEDC21DF29A5004F9D04 /* index.html */,
				26FEEEC021DF2820004F9D04 /* Testing_ios_framework.h */,
				26FEEEC121DF2820004F9D04 /* Info.plist */,
				26FEEED921DF28AC004F9D04 /* TestWebview.storyboard */,
				26FEEEE221DF3D4A004F9D04 /* TestController.swift */,
			);
			path = "Testing-ios-framework";
			sourceTree = "<group>";
		};
		26FEEECA21DF2820004F9D04 /* Testing-ios-frameworkTests */ = {
			isa = PBXGroup;
			children = (
				26FEEECB21DF2820004F9D04 /* Testing_ios_frameworkTests.swift */,
				26FEEECD21DF2820004F9D04 /* Info.plist */,
			);
			path = "Testing-ios-frameworkTests";
			sourceTree = "<group>";
		};
/* End PBXGroup section */

/* Begin PBXHeadersBuildPhase section */
		26FEEEB821DF2820004F9D04 /* Headers */ = {
			isa = PBXHeadersBuildPhase;
			buildActionMask = 2147483647;
			files = (
				26FEEECE21DF2820004F9D04 /* Testing_ios_framework.h in Headers */,
			);
			runOnlyForDeploymentPostprocessing = 0;
		};
/* End PBXHeadersBuildPhase section */

/* Begin PBXNativeTarget section */
		26FEEEBC21DF2820004F9D04 /* Testing-ios-framework */ = {
			isa = PBXNativeTarget;
			buildConfigurationList = 26FEEED121DF2820004F9D04 /* Build configuration list for PBXNativeTarget "Testing-ios-framework" */;
			buildPhases = (
				26FEEEB821DF2820004F9D04 /* Headers */,
				26FEEEB921DF2820004F9D04 /* Sources */,
				26FEEEBA21DF2820004F9D04 /* Frameworks */,
				26FEEEBB21DF2820004F9D04 /* Resources */,
			);
			buildRules = (
			);
			dependencies = (
			);
			name = "Testing-ios-framework";
			productName = "Testing-ios-framework";
			productReference = 26FEEEBD21DF2820004F9D04 /* Testing_ios_framework.framework */;
			productType = "com.apple.product-type.framework";
		};
		26FEEEC521DF2820004F9D04 /* Testing-ios-frameworkTests */ = {
			isa = PBXNativeTarget;
			buildConfigurationList = 26FEEED421DF2820004F9D04 /* Build configuration list for PBXNativeTarget "Testing-ios-frameworkTests" */;
			buildPhases = (
				26FEEEC221DF2820004F9D04 /* Sources */,
				26FEEEC321DF2820004F9D04 /* Frameworks */,
				26FEEEC421DF2820004F9D04 /* Resources */,
			);
			buildRules = (
			);
			dependencies = (
				26FEEEC921DF2820004F9D04 /* PBXTargetDependency */,
			);
			name = "Testing-ios-frameworkTests";
			productName = "Testing-ios-frameworkTests";
			productReference = 26FEEEC621DF2820004F9D04 /* Testing-ios-frameworkTests.xctest */;
			productType = "com.apple.product-type.bundle.unit-test";
		};
/* End PBXNativeTarget section */

/* Begin PBXProject section */
		26FEEEB421DF281F004F9D04 /* Project object */ = {
			isa = PBXProject;
			attributes = {
				LastSwiftUpdateCheck = 1010;
				LastUpgradeCheck = 1010;
				ORGANIZATIONNAME = oriserve;
				TargetAttributes = {
					26FEEEBC21DF2820004F9D04 = {
						CreatedOnToolsVersion = 10.1;
						LastSwiftMigration = 1010;
					};
					26FEEEC521DF2820004F9D04 = {
						CreatedOnToolsVersion = 10.1;
					};
				};
			};
			buildConfigurationList = 26FEEEB721DF281F004F9D04 /* Build configuration list for PBXProject "Testing-ios-framework" */;
			compatibilityVersion = "Xcode 9.3";
			developmentRegion = en;
			hasScannedForEncodings = 0;
			knownRegions = (
				en,
			);
			mainGroup = 26FEEEB321DF281F004F9D04;
			productRefGroup = 26FEEEBE21DF2820004F9D04 /* Products */;
			projectDirPath = "";
			projectRoot = "";
			targets = (
				26FEEEBC21DF2820004F9D04 /* Testing-ios-framework */,
				26FEEEC521DF2820004F9D04 /* Testing-ios-frameworkTests */,
			);
		};
/* End PBXProject section */

/* Begin PBXResourcesBuildPhase section */
		26FEEEBB21DF2820004F9D04 /* Resources */ = {
			isa = PBXResourcesBuildPhase;
			buildActionMask = 2147483647;
			files = (
				26FEEEDA21DF28AC004F9D04 /* TestWebview.storyboard in Resources */,
				26FEEEDD21DF29A5004F9D04 /* index.html in Resources */,
			);
			runOnlyForDeploymentPostprocessing = 0;
		};
		26FEEEC421DF2820004F9D04 /* Resources */ = {
			isa = PBXResourcesBuildPhase;
			buildActionMask = 2147483647;
			files = (
			);
			runOnlyForDeploymentPostprocessing = 0;
		};
/* End PBXResourcesBuildPhase section */

/* Begin PBXSourcesBuildPhase section */
		26FEEEB921DF2820004F9D04 /* Sources */ = {
			isa = PBXSourcesBuildPhase;
			buildActionMask = 2147483647;
			files = (
				26FEEEE321DF3D4A004F9D04 /* TestController.swift in Sources */,
			);
			runOnlyForDeploymentPostprocessing = 0;
		};
		26FEEEC221DF2820004F9D04 /* Sources */ = {
			isa = PBXSourcesBuildPhase;
			buildActionMask = 2147483647;
			files = (
				26FEEECC21DF2820004F9D04 /* Testing_ios_frameworkTests.swift in Sources */,
			);
			runOnlyForDeploymentPostprocessing = 0;
		};
/* End PBXSourcesBuildPhase section */

/* Begin PBXTargetDependency section */
		26FEEEC921DF2820004F9D04 /* PBXTargetDependency */ = {
			isa = PBXTargetDependency;
			target = 26FEEEBC21DF2820004F9D04 /* Testing-ios-framework */;
			targetProxy = 26FEEEC821DF2820004F9D04 /* PBXContainerItemProxy */;
		};
/* End PBXTargetDependency section */

/* Begin XCBuildConfiguration section */
		26FEEECF21DF2820004F9D04 /* Debug */ = {
			isa = XCBuildConfiguration;
			buildSettings = {
				ALWAYS_SEARCH_USER_PATHS = NO;
				CLANG_ANALYZER_NONNULL = YES;
				CLANG_ANALYZER_NUMBER_OBJECT_CONVERSION = YES_AGGRESSIVE;
				CLANG_CXX_LANGUAGE_STANDARD = "gnu++14";
				CLANG_CXX_LIBRARY = "libc++";
				CLANG_ENABLE_MODULES = YES;
				CLANG_ENABLE_OBJC_ARC = YES;
				CLANG_ENABLE_OBJC_WEAK = YES;
				CLANG_WARN_BLOCK_CAPTURE_AUTORELEASING = YES;
				CLANG_WARN_BOOL_CONVERSION = YES;
				CLANG_WARN_COMMA = YES;
				CLANG_WARN_CONSTANT_CONVERSION = YES;
				CLANG_WARN_DEPRECATED_OBJC_IMPLEMENTATIONS = YES;
				CLANG_WARN_DIRECT_OBJC_ISA_USAGE = YES_ERROR;
				CLANG_WARN_DOCUMENTATION_COMMENTS = YES;
				CLANG_WARN_EMPTY_BODY = YES;
				CLANG_WARN_ENUM_CONVERSION = YES;
				CLANG_WARN_INFINITE_RECURSION = YES;
				CLANG_WARN_INT_CONVERSION = YES;
				CLANG_WARN_NON_LITERAL_NULL_CONVERSION = YES;
				CLANG_WARN_OBJC_IMPLICIT_RETAIN_SELF = YES;
				CLANG_WARN_OBJC_LITERAL_CONVERSION = YES;
				CLANG_WARN_OBJC_ROOT_CLASS = YES_ERROR;
				CLANG_WARN_RANGE_LOOP_ANALYSIS = YES;
				CLANG_WARN_STRICT_PROTOTYPES = YES;
				CLANG_WARN_SUSPICIOUS_MOVE = YES;
				CLANG_WARN_UNGUARDED_AVAILABILITY = YES_AGGRESSIVE;
				CLANG_WARN_UNREACHABLE_CODE = YES;
				CLANG_WARN__DUPLICATE_METHOD_MATCH = YES;
				CODE_SIGN_IDENTITY = "iPhone Developer";
				COPY_PHASE_STRIP = NO;
				CURRENT_PROJECT_VERSION = 1;
				DEBUG_INFORMATION_FORMAT = dwarf;
				ENABLE_STRICT_OBJC_MSGSEND = YES;
				ENABLE_TESTABILITY = YES;
				GCC_C_LANGUAGE_STANDARD = gnu11;
				GCC_DYNAMIC_NO_PIC = NO;
				GCC_NO_COMMON_BLOCKS = YES;
				GCC_OPTIMIZATION_LEVEL = 0;
				GCC_PREPROCESSOR_DEFINITIONS = (
					"DEBUG=1",
					"$(inherited)",
				);
				GCC_WARN_64_TO_32_BIT_CONVERSION = YES;
				GCC_WARN_ABOUT_RETURN_TYPE = YES_ERROR;
				GCC_WARN_UNDECLARED_SELECTOR = YES;
				GCC_WARN_UNINITIALIZED_AUTOS = YES_AGGRESSIVE;
				GCC_WARN_UNUSED_FUNCTION = YES;
				GCC_WARN_UNUSED_VARIABLE = YES;
				IPHONEOS_DEPLOYMENT_TARGET = 12.1;
				MTL_ENABLE_DEBUG_INFO = INCLUDE_SOURCE;
				MTL_FAST_MATH = YES;
				ONLY_ACTIVE_ARCH = YES;
				SDKROOT = iphoneos;
				SWIFT_ACTIVE_COMPILATION_CONDITIONS = DEBUG;
				SWIFT_OPTIMIZATION_LEVEL = "-Onone";
				VERSIONING_SYSTEM = "apple-generic";
				VERSION_INFO_PREFIX = "";
			};
			name = Debug;
		};
		26FEEED021DF2820004F9D04 /* Release */ = {
			isa = XCBuildConfiguration;
			buildSettings = {
				ALWAYS_SEARCH_USER_PATHS = NO;
				CLANG_ANALYZER_NONNULL = YES;
				CLANG_ANALYZER_NUMBER_OBJECT_CONVERSION = YES_AGGRESSIVE;
				CLANG_CXX_LANGUAGE_STANDARD = "gnu++14";
				CLANG_CXX_LIBRARY = "libc++";
				CLANG_ENABLE_MODULES = YES;
				CLANG_ENABLE_OBJC_ARC = YES;
				CLANG_ENABLE_OBJC_WEAK = YES;
				CLANG_WARN_BLOCK_CAPTURE_AUTORELEASING = YES;
				CLANG_WARN_BOOL_CONVERSION = YES;
				CLANG_WARN_COMMA = YES;
				CLANG_WARN_CONSTANT_CONVERSION = YES;
				CLANG_WARN_DEPRECATED_OBJC_IMPLEMENTATIONS = YES;
				CLANG_WARN_DIRECT_OBJC_ISA_USAGE = YES_ERROR;
				CLANG_WARN_DOCUMENTATION_COMMENTS = YES;
				CLANG_WARN_EMPTY_BODY = YES;
				CLANG_WARN_ENUM_CONVERSION = YES;
				CLANG_WARN_INFINITE_RECURSION = YES;
				CLANG_WARN_INT_CONVERSION = YES;
				CLANG_WARN_NON_LITERAL_NULL_CONVERSION = YES;
				CLANG_WARN_OBJC_IMPLICIT_RETAIN_SELF = YES;
				CLANG_WARN_OBJC_LITERAL_CONVERSION = YES;
				CLANG_WARN_OBJC_ROOT_CLASS = YES_ERROR;
				CLANG_WARN_RANGE_LOOP_ANALYSIS = YES;
				CLANG_WARN_STRICT_PROTOTYPES = YES;
				CLANG_WARN_SUSPICIOUS_MOVE = YES;
				CLANG_WARN_UNGUARDED_AVAILABILITY = YES_AGGRESSIVE;
				CLANG_WARN_UNREACHABLE_CODE = YES;
				CLANG_WARN__DUPLICATE_METHOD_MATCH = YES;
				CODE_SIGN_IDENTITY = "iPhone Developer";
				COPY_PHASE_STRIP = NO;
				CURRENT_PROJECT_VERSION = 1;
				DEBUG_INFORMATION_FORMAT = "dwarf-with-dsym";
				ENABLE_NS_ASSERTIONS = NO;
				ENABLE_STRICT_OBJC_MSGSEND = YES;
				GCC_C_LANGUAGE_STANDARD = gnu11;
				GCC_NO_COMMON_BLOCKS = YES;
				GCC_WARN_64_TO_32_BIT_CONVERSION = YES;
				GCC_WARN_ABOUT_RETURN_TYPE = YES_ERROR;
				GCC_WARN_UNDECLARED_SELECTOR = YES;
				GCC_WARN_UNINITIALIZED_AUTOS = YES_AGGRESSIVE;
				GCC_WARN_UNUSED_FUNCTION = YES;
				GCC_WARN_UNUSED_VARIABLE = YES;
				IPHONEOS_DEPLOYMENT_TARGET = 12.1;
				MTL_ENABLE_DEBUG_INFO = NO;
				MTL_FAST_MATH = YES;
				SDKROOT = iphoneos;
				SWIFT_COMPILATION_MODE = wholemodule;
				SWIFT_OPTIMIZATION_LEVEL = "-O";
				VALIDATE_PRODUCT = YES;
				VERSIONING_SYSTEM = "apple-generic";
				VERSION_INFO_PREFIX = "";
			};
			name = Release;
		};
		26FEEED221DF2820004F9D04 /* Debug */ = {
			isa = XCBuildConfiguration;
			buildSettings = {
				CLANG_ENABLE_MODULES = YES;
				CODE_SIGN_IDENTITY = "";
				CODE_SIGN_STYLE = Automatic;
				DEFINES_MODULE = YES;
				DYLIB_COMPATIBILITY_VERSION = 1;
				DYLIB_CURRENT_VERSION = 1;
				DYLIB_INSTALL_NAME_BASE = "@rpath";
				INFOPLIST_FILE = "Testing-ios-framework/Info.plist";
				INSTALL_PATH = "$(LOCAL_LIBRARY_DIR)/Frameworks";
				LD_RUNPATH_SEARCH_PATHS = (
					"$(inherited)",
					"@executable_path/Frameworks",
					"@loader_path/Frameworks",
				);
				PRODUCT_BUNDLE_IDENTIFIER = "com.oriserve.Testing-ios-framework";
				PRODUCT_NAME = "$(TARGET_NAME:c99extidentifier)";
				SKIP_INSTALL = YES;
				SWIFT_OPTIMIZATION_LEVEL = "-Onone";
				SWIFT_VERSION = 4.2;
				TARGETED_DEVICE_FAMILY = "1,2";
			};
			name = Debug;
		};
		26FEEED321DF2820004F9D04 /* Release */ = {
			isa = XCBuildConfiguration;
			buildSettings = {
				CLANG_ENABLE_MODULES = YES;
				CODE_SIGN_IDENTITY = "";
				CODE_SIGN_STYLE = Automatic;
				DEFINES_MODULE = YES;
				DYLIB_COMPATIBILITY_VERSION = 1;
				DYLIB_CURRENT_VERSION = 1;
				DYLIB_INSTALL_NAME_BASE = "@rpath";
				INFOPLIST_FILE = "Testing-ios-framework/Info.plist";
				INSTALL_PATH = "$(LOCAL_LIBRARY_DIR)/Frameworks";
				LD_RUNPATH_SEARCH_PATHS = (
					"$(inherited)",
					"@executable_path/Frameworks",
					"@loader_path/Frameworks",
				);
				PRODUCT_BUNDLE_IDENTIFIER = "com.oriserve.Testing-ios-framework";
				PRODUCT_NAME = "$(TARGET_NAME:c99extidentifier)";
				SKIP_INSTALL = YES;
				SWIFT_VERSION = 4.2;
				TARGETED_DEVICE_FAMILY = "1,2";
			};
			name = Release;
		};
		26FEEED521DF2820004F9D04 /* Debug */ = {
			isa = XCBuildConfiguration;
			buildSettings = {
				ALWAYS_EMBED_SWIFT_STANDARD_LIBRARIES = YES;
				CODE_SIGN_STYLE = Automatic;
				INFOPLIST_FILE = "Testing-ios-frameworkTests/Info.plist";
				LD_RUNPATH_SEARCH_PATHS = (
					"$(inherited)",
					"@executable_path/Frameworks",
					"@loader_path/Frameworks",
				);
				PRODUCT_BUNDLE_IDENTIFIER = "com.oriserve.Testing-ios-frameworkTests";
				PRODUCT_NAME = "$(TARGET_NAME)";
				SWIFT_VERSION = 4.2;
				TARGETED_DEVICE_FAMILY = "1,2";
			};
			name = Debug;
		};
		26FEEED621DF2820004F9D04 /* Release */ = {
			isa = XCBuildConfiguration;
			buildSettings = {
				ALWAYS_EMBED_SWIFT_STANDARD_LIBRARIES = YES;
				CODE_SIGN_STYLE = Automatic;
				INFOPLIST_FILE = "Testing-ios-frameworkTests/Info.plist";
				LD_RUNPATH_SEARCH_PATHS = (
					"$(inherited)",
					"@executable_path/Frameworks",
					"@loader_path/Frameworks",
				);
				PRODUCT_BUNDLE_IDENTIFIER = "com.oriserve.Testing-ios-frameworkTests";
				PRODUCT_NAME = "$(TARGET_NAME)";
				SWIFT_VERSION = 4.2;
				TARGETED_DEVICE_FAMILY = "1,2";
			};
			name = Release;
		};
/* End XCBuildConfiguration section */

/* Begin XCConfigurationList section */
		26FEEEB721DF281F004F9D04 /* Build configuration list for PBXProject "Testing-ios-framework" */ = {
			isa = XCConfigurationList;
			buildConfigurations = (
				26FEEECF21DF2820004F9D04 /* Debug */,
				26FEEED021DF2820004F9D04 /* Release */,
			);
			defaultConfigurationIsVisible = 0;
			defaultConfigurationName = Release;
		};
		26FEEED121DF2820004F9D04 /* Build configuration list for PBXNativeTarget "Testing-ios-framework" */ = {
			isa = XCConfigurationList;
			buildConfigurations = (
				26FEEED221DF2820004F9D04 /* Debug */,
				26FEEED321DF2820004F9D04 /* Release */,
			);
			defaultConfigurationIsVisible = 0;
			defaultConfigurationName = Release;
		};
		26FEEED421DF2820004F9D04 /* Build configuration list for PBXNativeTarget "Testing-ios-frameworkTests" */ = {
			isa = XCConfigurationList;
			buildConfigurations = (
				26FEEED521DF2820004F9D04 /* Debug */,
				26FEEED621DF2820004F9D04 /* Release */,
			);
			defaultConfigurationIsVisible = 0;
			defaultConfigurationName = Release;
		};
/* End XCConfigurationList section */
	};
	rootObject = 26FEEEB421DF281F004F9D04 /* Project object */;
}
